# This file is automatically @generated by Cargo.
# It is not intended for manual editing.
version = 4

[[package]]
name = "oneshot"
version = "0.1.11"
source = "registry+https://github.com/rust-lang/crates.io-index"
checksum = "b4ce411919553d3f9fa53a0880544cda985a112117a0444d5ff1e870a893d6ea"

[[package]]
name = "runa"
version = "0.1.0"
dependencies = [
 "oneshot",
]
